<?xml version="1.0" encoding="utf-8"?>
<Project ToolsVersion="4.0" xmlns="http://schemas.microsoft.com/developer/msbuild/2003">
  <ItemGroup>
    <Filter Include="Source Files">
      <UniqueIdentifier>{4FC737F1-C7A5-4376-A066-2A32D752A2FF}</UniqueIdentifier>
      <Extensions>cpp;c;cc;cxx;def;odl;idl;hpj;bat;asm;asmx</Extensions>
    </Filter>
    <Filter Include="Header Files">
      <UniqueIdentifier>{93995380-89BD-4b04-88EB-625FBE52EBFB}</UniqueIdentifier>
      <Extensions>h;hpp;hxx;hm;inl;inc;xsd</Extensions>
    </Filter>
    <Filter Include="Resource Files">
      <UniqueIdentifier>{67DA6AB6-F800-4c08-8B7A-83BB121AAD01}</UniqueIdentifier>
      <Extensions>rc;ico;cur;bmp;dlg;rc2;rct;bin;rgs;gif;jpg;jpeg;jpe;resx;tiff;tif;png;wav;mfcribbon-ms</Extensions>
    </Filter>
  </ItemGroup>
  <ItemGroup>
    <Text Include="ReadMe.txt" />
  </ItemGroup>
  <ItemGroup>
    <ClInclude Include="stdafx.h">
      <Filter>Header Files</Filter>
    </ClInclude>
    <ClInclude Include="targetver.h">
      <Filter>Header Files</Filter>
    </ClInclude>
    <ClInclude Include="WaggleDanceDetector.h">
      <Filter>Header Files</Filter>
    </ClInclude>
    <ClInclude Include="InputVideoParameters.h">
      <Filter>Header Files</Filter>
    </ClInclude>
    <ClInclude Include="TypeToString.h">
      <Filter>Header Files</Filter>
    </ClInclude>
    <ClInclude Include="WaggleDanceOrientator.h">
      <Filter>Header Files</Filter>
    </ClInclude>
    <ClInclude Include="cvblob.h">
      <Filter>Header Files</Filter>
    </ClInclude>
    <ClInclude Include="VideoFrameBuffer.h">
      <Filter>Header Files</Filter>
    </ClInclude>
    <ClInclude Include="DotDetector.h">
      <Filter>Header Files</Filter>
    </ClInclude>
    <ClInclude Include="DotDetectorLayer.h">
      <Filter>Header Files</Filter>
    </ClInclude>
    <ClInclude Include="WaggleDanceExport.h">
      <Filter>Header Files</Filter>
    </ClInclude>
    <ClInclude Include="CLEyeCameraCapture.h">
      <Filter>Header Files</Filter>
    </ClInclude>
  </ItemGroup>
  <ItemGroup>
    <ClCompile Include="stdafx.cpp">
      <Filter>Source Files</Filter>
    </ClCompile>
    <ClCompile Include="WaggleDanceDetector.cpp">
      <Filter>Source Files</Filter>
    </ClCompile>
    <ClCompile Include="Main.cpp">
      <Filter>Source Files</Filter>
    </ClCompile>
    <ClCompile Include="InputVideoParameters.cpp">
      <Filter>Source Files</Filter>
    </ClCompile>
    <ClCompile Include="TypeToString.cpp">
      <Filter>Source Files</Filter>
    </ClCompile>
    <ClCompile Include="WaggleDanceOrientator.cpp">
      <Filter>Source Files</Filter>
    </ClCompile>
    <ClCompile Include="cvblob.cpp">
      <Filter>Source Files</Filter>
    </ClCompile>
    <ClCompile Include="cvlabel.cpp">
      <Filter>Source Files</Filter>
    </ClCompile>
    <ClCompile Include="VideoFrameBuffer.cpp">
      <Filter>Source Files</Filter>
    </ClCompile>
    <ClCompile Include="DotDetector.cpp">
      <Filter>Source Files</Filter>
    </ClCompile>
    <ClCompile Include="DotDetectorLayer.cpp">
      <Filter>Source Files</Filter>
    </ClCompile>
    <ClCompile Include="WaggleDanceExport.cpp">
      <Filter>Source Files</Filter>
    </ClCompile>
    <ClCompile Include="CLEyeCameraCapture.cpp">
      <Filter>Source Files</Filter>
    </ClCompile>
  </ItemGroup>
</Project>